// !$*UTF8*$!
{
	archiveVersion = 1;
	classes = {
	};
	objectVersion = 50;
	objects = {

/* Begin PBXBuildFile section */
		35D670AF259DFCD200C96392 /* AppDelegate.swift in Sources */ = {isa = PBXBuildFile; fileRef = 35D670AE259DFCD200C96392 /* AppDelegate.swift */; };
		35D670B1259DFCD200C96392 /* ViewController.swift in Sources */ = {isa = PBXBuildFile; fileRef = 35D670B0259DFCD200C96392 /* ViewController.swift */; };
		35D670B4259DFCD200C96392 /* VKCalendarView.xcdatamodeld in Sources */ = {isa = PBXBuildFile; fileRef = 35D670B2259DFCD200C96392 /* VKCalendarView.xcdatamodeld */; };
		35D670B6259DFCD500C96392 /* Assets.xcassets in Resources */ = {isa = PBXBuildFile; fileRef = 35D670B5259DFCD500C96392 /* Assets.xcassets */; };
		35D670B9259DFCD500C96392 /* Main.storyboard in Resources */ = {isa = PBXBuildFile; fileRef = 35D670B7259DFCD500C96392 /* Main.storyboard */; };
		35D670C5259DFCD500C96392 /* VKCalendarViewTests.swift in Sources */ = {isa = PBXBuildFile; fileRef = 35D670C4259DFCD500C96392 /* VKCalendarViewTests.swift */; };
		35D670D0259DFCD600C96392 /* VKCalendarViewUITests.swift in Sources */ = {isa = PBXBuildFile; fileRef = 35D670CF259DFCD600C96392 /* VKCalendarViewUITests.swift */; };
		35D670DE259DFD3A00C96392 /* Source in Resources */ = {isa = PBXBuildFile; fileRef = 35D670DD259DFD3A00C96392 /* Source */; };
/* End PBXBuildFile section */

/* Begin PBXContainerItemProxy section */
		35D670C1259DFCD500C96392 /* PBXContainerItemProxy */ = {
			isa = PBXContainerItemProxy;
			containerPortal = 35D670A3259DFCD200C96392 /* Project object */;
			proxyType = 1;
			remoteGlobalIDString = 35D670AA259DFCD200C96392;
			remoteInfo = VKCalendarView;
		};
		35D670CC259DFCD600C96392 /* PBXContainerItemProxy */ = {
			isa = PBXContainerItemProxy;
			containerPortal = 35D670A3259DFCD200C96392 /* Project object */;
			proxyType = 1;
			remoteGlobalIDString = 35D670AA259DFCD200C96392;
			remoteInfo = VKCalendarView;
		};
/* End PBXContainerItemProxy section */

/* Begin PBXFileReference section */
		35D670AB259DFCD200C96392 /* VKCalendarView.app */ = {isa = PBXFileReference; explicitFileType = wrapper.application; includeInIndex = 0; path = VKCalendarView.app; sourceTree = BUILT_PRODUCTS_DIR; };
		35D670AE259DFCD200C96392 /* AppDelegate.swift */ = {isa = PBXFileReference; lastKnownFileType = sourcecode.swift; path = AppDelegate.swift; sourceTree = "<group>"; };
		35D670B0259DFCD200C96392 /* ViewController.swift */ = {isa = PBXFileReference; lastKnownFileType = sourcecode.swift; path = ViewController.swift; sourceTree = "<group>"; };
		35D670B3259DFCD200C96392 /* VKCalendarView.xcdatamodel */ = {isa = PBXFileReference; lastKnownFileType = wrapper.xcdatamodel; path = VKCalendarView.xcdatamodel; sourceTree = "<group>"; };
		35D670B5259DFCD500C96392 /* Assets.xcassets */ = {isa = PBXFileReference; lastKnownFileType = folder.assetcatalog; path = Assets.xcassets; sourceTree = "<group>"; };
		35D670B8259DFCD500C96392 /* Base */ = {isa = PBXFileReference; lastKnownFileType = file.storyboard; name = Base; path = Base.lproj/Main.storyboard; sourceTree = "<group>"; };
		35D670BA259DFCD500C96392 /* Info.plist */ = {isa = PBXFileReference; lastKnownFileType = text.plist.xml; path = Info.plist; sourceTree = "<group>"; };
		35D670BB259DFCD500C96392 /* VKCalendarView.entitlements */ = {isa = PBXFileReference; lastKnownFileType = text.plist.entitlements; path = VKCalendarView.entitlements; sourceTree = "<group>"; };
		35D670C0259DFCD500C96392 /* VKCalendarViewTests.xctest */ = {isa = PBXFileReference; explicitFileType = wrapper.cfbundle; includeInIndex = 0; path = VKCalendarViewTests.xctest; sourceTree = BUILT_PRODUCTS_DIR; };
		35D670C4259DFCD500C96392 /* VKCalendarViewTests.swift */ = {isa = PBXFileReference; lastKnownFileType = sourcecode.swift; path = VKCalendarViewTests.swift; sourceTree = "<group>"; };
		35D670C6259DFCD500C96392 /* Info.plist */ = {isa = PBXFileReference; lastKnownFileType = text.plist.xml; path = Info.plist; sourceTree = "<group>"; };
		35D670CB259DFCD600C96392 /* VKCalendarViewUITests.xctest */ = {isa = PBXFileReference; explicitFileType = wrapper.cfbundle; includeInIndex = 0; path = VKCalendarViewUITests.xctest; sourceTree = BUILT_PRODUCTS_DIR; };
		35D670CF259DFCD600C96392 /* VKCalendarViewUITests.swift */ = {isa = PBXFileReference; lastKnownFileType = sourcecode.swift; path = VKCalendarViewUITests.swift; sourceTree = "<group>"; };
		35D670D1259DFCD600C96392 /* Info.plist */ = {isa = PBXFileReference; lastKnownFileType = text.plist.xml; path = Info.plist; sourceTree = "<group>"; };
		35D670DD259DFD3A00C96392 /* Source */ = {isa = PBXFileReference; lastKnownFileType = folder; path = Source; sourceTree = "<group>"; };
/* End PBXFileReference section */

/* Begin PBXFrameworksBuildPhase section */
		35D670A8259DFCD200C96392 /* Frameworks */ = {
			isa = PBXFrameworksBuildPhase;
			buildActionMask = 2147483647;
			files = (
			);
			runOnlyForDeploymentPostprocessing = 0;
		};
		35D670BD259DFCD500C96392 /* Frameworks */ = {
			isa = PBXFrameworksBuildPhase;
			buildActionMask = 2147483647;
			files = (
			);
			runOnlyForDeploymentPostprocessing = 0;
		};
		35D670C8259DFCD600C96392 /* Frameworks */ = {
			isa = PBXFrameworksBuildPhase;
			buildActionMask = 2147483647;
			files = (
			);
			runOnlyForDeploymentPostprocessing = 0;
		};
/* End PBXFrameworksBuildPhase section */

/* Begin PBXGroup section */
		35D670A2259DFCD200C96392 = {
			isa = PBXGroup;
			children = (
				35D670DD259DFD3A00C96392 /* Source */,
				35D670AD259DFCD200C96392 /* VKCalendarView */,
				35D670C3259DFCD500C96392 /* VKCalendarViewTests */,
				35D670CE259DFCD600C96392 /* VKCalendarViewUITests */,
				35D670AC259DFCD200C96392 /* Products */,
			);
			sourceTree = "<group>";
		};
		35D670AC259DFCD200C96392 /* Products */ = {
			isa = PBXGroup;
			children = (
				35D670AB259DFCD200C96392 /* VKCalendarView.app */,
				35D670C0259DFCD500C96392 /* VKCalendarViewTests.xctest */,
				35D670CB259DFCD600C96392 /* VKCalendarViewUITests.xctest */,
			);
			name = Products;
			sourceTree = "<group>";
		};
		35D670AD259DFCD200C96392 /* VKCalendarView */ = {
			isa = PBXGroup;
			children = (
				35D670AE259DFCD200C96392 /* AppDelegate.swift */,
				35D670B0259DFCD200C96392 /* ViewController.swift */,
				35D670B5259DFCD500C96392 /* Assets.xcassets */,
				35D670B7259DFCD500C96392 /* Main.storyboard */,
				35D670BA259DFCD500C96392 /* Info.plist */,
				35D670BB259DFCD500C96392 /* VKCalendarView.entitlements */,
				35D670B2259DFCD200C96392 /* VKCalendarView.xcdatamodeld */,
			);
			path = VKCalendarView;
			sourceTree = "<group>";
		};
		35D670C3259DFCD500C96392 /* VKCalendarViewTests */ = {
			isa = PBXGroup;
			children = (
				35D670C4259DFCD500C96392 /* VKCalendarViewTests.swift */,
				35D670C6259DFCD500C96392 /* Info.plist */,
			);
			path = VKCalendarViewTests;
			sourceTree = "<group>";
		};
		35D670CE259DFCD600C96392 /* VKCalendarViewUITests */ = {
			isa = PBXGroup;
			children = (
				35D670CF259DFCD600C96392 /* VKCalendarViewUITests.swift */,
				35D670D1259DFCD600C96392 /* Info.plist */,
			);
			path = VKCalendarViewUITests;
			sourceTree = "<group>";
		};
/* End PBXGroup section */

/* Begin PBXNativeTarget section */
		35D670AA259DFCD200C96392 /* VKCalendarView */ = {
			isa = PBXNativeTarget;
			buildConfigurationList = 35D670D4259DFCD600C96392 /* Build configuration list for PBXNativeTarget "VKCalendarView" */;
			buildPhases = (
				35D670A7259DFCD200C96392 /* Sources */,
				35D670A8259DFCD200C96392 /* Frameworks */,
				35D670A9259DFCD200C96392 /* Resources */,
			);
			buildRules = (
			);
			dependencies = (
			);
			name = VKCalendarView;
			productName = VKCalendarView;
			productReference = 35D670AB259DFCD200C96392 /* VKCalendarView.app */;
			productType = "com.apple.product-type.application";
		};
		35D670BF259DFCD500C96392 /* VKCalendarViewTests */ = {
			isa = PBXNativeTarget;
			buildConfigurationList = 35D670D7259DFCD600C96392 /* Build configuration list for PBXNativeTarget "VKCalendarViewTests" */;
			buildPhases = (
				35D670BC259DFCD500C96392 /* Sources */,
				35D670BD259DFCD500C96392 /* Frameworks */,
				35D670BE259DFCD500C96392 /* Resources */,
			);
			buildRules = (
			);
			dependencies = (
				35D670C2259DFCD500C96392 /* PBXTargetDependency */,
			);
			name = VKCalendarViewTests;
			productName = VKCalendarViewTests;
			productReference = 35D670C0259DFCD500C96392 /* VKCalendarViewTests.xctest */;
			productType = "com.apple.product-type.bundle.unit-test";
		};
		35D670CA259DFCD600C96392 /* VKCalendarViewUITests */ = {
			isa = PBXNativeTarget;
			buildConfigurationList = 35D670DA259DFCD600C96392 /* Build configuration list for PBXNativeTarget "VKCalendarViewUITests" */;
			buildPhases = (
				35D670C7259DFCD600C96392 /* Sources */,
				35D670C8259DFCD600C96392 /* Frameworks */,
				35D670C9259DFCD600C96392 /* Resources */,
			);
			buildRules = (
			);
			dependencies = (
				35D670CD259DFCD600C96392 /* PBXTargetDependency */,
			);
			name = VKCalendarViewUITests;
			productName = VKCalendarViewUITests;
			productReference = 35D670CB259DFCD600C96392 /* VKCalendarViewUITests.xctest */;
			productType = "com.apple.product-type.bundle.ui-testing";
		};
/* End PBXNativeTarget section */

/* Begin PBXProject section */
		35D670A3259DFCD200C96392 /* Project object */ = {
			isa = PBXProject;
			attributes = {
				LastSwiftUpdateCheck = 1200;
				LastUpgradeCheck = 1200;
				TargetAttributes = {
					35D670AA259DFCD200C96392 = {
						CreatedOnToolsVersion = 12.0;
					};
					35D670BF259DFCD500C96392 = {
						CreatedOnToolsVersion = 12.0;
						TestTargetID = 35D670AA259DFCD200C96392;
					};
					35D670CA259DFCD600C96392 = {
						CreatedOnToolsVersion = 12.0;
						TestTargetID = 35D670AA259DFCD200C96392;
					};
				};
			};
			buildConfigurationList = 35D670A6259DFCD200C96392 /* Build configuration list for PBXProject "VKCalendarView" */;
			compatibilityVersion = "Xcode 9.3";
			developmentRegion = en;
			hasScannedForEncodings = 0;
			knownRegions = (
				en,
				Base,
			);
			mainGroup = 35D670A2259DFCD200C96392;
			productRefGroup = 35D670AC259DFCD200C96392 /* Products */;
			projectDirPath = "";
			projectRoot = "";
			targets = (
				35D670AA259DFCD200C96392 /* VKCalendarView */,
				35D670BF259DFCD500C96392 /* VKCalendarViewTests */,
				35D670CA259DFCD600C96392 /* VKCalendarViewUITests */,
			);
		};
/* End PBXProject section */

/* Begin PBXResourcesBuildPhase section */
		35D670A9259DFCD200C96392 /* Resources */ = {
			isa = PBXResourcesBuildPhase;
			buildActionMask = 2147483647;
			files = (
				35D670DE259DFD3A00C96392 /* Source in Resources */,
				35D670B6259DFCD500C96392 /* Assets.xcassets in Resources */,
				35D670B9259DFCD500C96392 /* Main.storyboard in Resources */,
			);
			runOnlyForDeploymentPostprocessing = 0;
		};
		35D670BE259DFCD500C96392 /* Resources */ = {
			isa = PBXResourcesBuildPhase;
			buildActionMask = 2147483647;
			files = (
			);
			runOnlyForDeploymentPostprocessing = 0;
		};
		35D670C9259DFCD600C96392 /* Resources */ = {
			isa = PBXResourcesBuildPhase;
			buildActionMask = 2147483647;
			files = (
			);
			runOnlyForDeploymentPostprocessing = 0;
		};
/* End PBXResourcesBuildPhase section */

/* Begin PBXSourcesBuildPhase section */
		35D670A7259DFCD200C96392 /* Sources */ = {
			isa = PBXSourcesBuildPhase;
			buildActionMask = 2147483647;
			files = (
				35D670B1259DFCD200C96392 /* ViewController.swift in Sources */,
				35D670B4259DFCD200C96392 /* VKCalendarView.xcdatamodeld in Sources */,
				35D670AF259DFCD200C96392 /* AppDelegate.swift in Sources */,
			);
			runOnlyForDeploymentPostprocessing = 0;
		};
		35D670BC259DFCD500C96392 /* Sources */ = {
			isa = PBXSourcesBuildPhase;
			buildActionMask = 2147483647;
			files = (
				35D670C5259DFCD500C96392 /* VKCalendarViewTests.swift in Sources */,
			);
			runOnlyForDeploymentPostprocessing = 0;
		};
		35D670C7259DFCD600C96392 /* Sources */ = {
			isa = PBXSourcesBuildPhase;
			buildActionMask = 2147483647;
			files = (
				35D670D0259DFCD600C96392 /* VKCalendarViewUITests.swift in Sources */,
			);
			runOnlyForDeploymentPostprocessing = 0;
		};
/* End PBXSourcesBuildPhase section */

/* Begin PBXTargetDependency section */
		35D670C2259DFCD500C96392 /* PBXTargetDependency */ = {
			isa = PBXTargetDependency;
			target = 35D670AA259DFCD200C96392 /* VKCalendarView */;
			targetProxy = 35D670C1259DFCD500C96392 /* PBXContainerItemProxy */;
		};
		35D670CD259DFCD600C96392 /* PBXTargetDependency */ = {
			isa = PBXTargetDependency;
			target = 35D670AA259DFCD200C96392 /* VKCalendarView */;
			targetProxy = 35D670CC259DFCD600C96392 /* PBXContainerItemProxy */;
		};
/* End PBXTargetDependency section */

/* Begin PBXVariantGroup section */
		35D670B7259DFCD500C96392 /* Main.storyboard */ = {
			isa = PBXVariantGroup;
			children = (
				35D670B8259DFCD500C96392 /* Base */,
			);
			name = Main.storyboard;
			sourceTree = "<group>";
		};
/* End PBXVariantGroup section */

/* Begin XCBuildConfiguration section */
		35D670D2259DFCD600C96392 /* Debug */ = {
			isa = XCBuildConfiguration;
			buildSettings = {
				ALWAYS_SEARCH_USER_PATHS = NO;
				CLANG_ANALYZER_NONNULL = YES;
				CLANG_ANALYZER_NUMBER_OBJECT_CONVERSION = YES_AGGRESSIVE;
				CLANG_CXX_LANGUAGE_STANDARD = "gnu++14";
				CLANG_CXX_LIBRARY = "libc++";
				CLANG_ENABLE_MODULES = YES;
				CLANG_ENABLE_OBJC_ARC = YES;
				CLANG_ENABLE_OBJC_WEAK = YES;
				CLANG_WARN_BLOCK_CAPTURE_AUTORELEASING = YES;
				CLANG_WARN_BOOL_CONVERSION = YES;
				CLANG_WARN_COMMA = YES;
				CLANG_WARN_CONSTANT_CONVERSION = YES;
				CLANG_WARN_DEPRECATED_OBJC_IMPLEMENTATIONS = YES;
				CLANG_WARN_DIRECT_OBJC_ISA_USAGE = YES_ERROR;
				CLANG_WARN_DOCUMENTATION_COMMENTS = YES;
				CLANG_WARN_EMPTY_BODY = YES;
				CLANG_WARN_ENUM_CONVERSION = YES;
				CLANG_WARN_INFINITE_RECURSION = YES;
				CLANG_WARN_INT_CONVERSION = YES;
				CLANG_WARN_NON_LITERAL_NULL_CONVERSION = YES;
				CLANG_WARN_OBJC_IMPLICIT_RETAIN_SELF = YES;
				CLANG_WARN_OBJC_LITERAL_CONVERSION = YES;
				CLANG_WARN_OBJC_ROOT_CLASS = YES_ERROR;
				CLANG_WARN_QUOTED_INCLUDE_IN_FRAMEWORK_HEADER = YES;
				CLANG_WARN_RANGE_LOOP_ANALYSIS = YES;
				CLANG_WARN_STRICT_PROTOTYPES = YES;
				CLANG_WARN_SUSPICIOUS_MOVE = YES;
				CLANG_WARN_UNGUARDED_AVAILABILITY = YES_AGGRESSIVE;
				CLANG_WARN_UNREACHABLE_CODE = YES;
				CLANG_WARN__DUPLICATE_METHOD_MATCH = YES;
				COPY_PHASE_STRIP = NO;
				DEBUG_INFORMATION_FORMAT = dwarf;
				ENABLE_STRICT_OBJC_MSGSEND = YES;
				ENABLE_TESTABILITY = YES;
				GCC_C_LANGUAGE_STANDARD = gnu11;
				GCC_DYNAMIC_NO_PIC = NO;
				GCC_NO_COMMON_BLOCKS = YES;
				GCC_OPTIMIZATION_LEVEL = 0;
				GCC_PREPROCESSOR_DEFINITIONS = (
					"DEBUG=1",
					"$(inherited)",
				);
				GCC_WARN_64_TO_32_BIT_CONVERSION = YES;
				GCC_WARN_ABOUT_RETURN_TYPE = YES_ERROR;
				GCC_WARN_UNDECLARED_SELECTOR = YES;
				GCC_WARN_UNINITIALIZED_AUTOS = YES_AGGRESSIVE;
				GCC_WARN_UNUSED_FUNCTION = YES;
				GCC_WARN_UNUSED_VARIABLE = YES;
				MACOSX_DEPLOYMENT_TARGET = 10.15;
				MTL_ENABLE_DEBUG_INFO = INCLUDE_SOURCE;
				MTL_FAST_MATH = YES;
				ONLY_ACTIVE_ARCH = YES;
				SDKROOT = macosx;
				SWIFT_ACTIVE_COMPILATION_CONDITIONS = DEBUG;
				SWIFT_OPTIMIZATION_LEVEL = "-Onone";
			};
			name = Debug;
		};
		35D670D3259DFCD600C96392 /* Release */ = {
			isa = XCBuildConfiguration;
			buildSettings = {
				ALWAYS_SEARCH_USER_PATHS = NO;
				CLANG_ANALYZER_NONNULL = YES;
				CLANG_ANALYZER_NUMBER_OBJECT_CONVERSION = YES_AGGRESSIVE;
				CLANG_CXX_LANGUAGE_STANDARD = "gnu++14";
				CLANG_CXX_LIBRARY = "libc++";
				CLANG_ENABLE_MODULES = YES;
				CLANG_ENABLE_OBJC_ARC = YES;
				CLANG_ENABLE_OBJC_WEAK = YES;
				CLANG_WARN_BLOCK_CAPTURE_AUTORELEASING = YES;
				CLANG_WARN_BOOL_CONVERSION = YES;
				CLANG_WARN_COMMA = YES;
				CLANG_WARN_CONSTANT_CONVERSION = YES;
				CLANG_WARN_DEPRECATED_OBJC_IMPLEMENTATIONS = YES;
				CLANG_WARN_DIRECT_OBJC_ISA_USAGE = YES_ERROR;
				CLANG_WARN_DOCUMENTATION_COMMENTS = YES;
				CLANG_WARN_EMPTY_BODY = YES;
				CLANG_WARN_ENUM_CONVERSION = YES;
				CLANG_WARN_INFINITE_RECURSION = YES;
				CLANG_WARN_INT_CONVERSION = YES;
				CLANG_WARN_NON_LITERAL_NULL_CONVERSION = YES;
				CLANG_WARN_OBJC_IMPLICIT_RETAIN_SELF = YES;
				CLANG_WARN_OBJC_LITERAL_CONVERSION = YES;
				CLANG_WARN_OBJC_ROOT_CLASS = YES_ERROR;
				CLANG_WARN_QUOTED_INCLUDE_IN_FRAMEWORK_HEADER = YES;
				CLANG_WARN_RANGE_LOOP_ANALYSIS = YES;
				CLANG_WARN_STRICT_PROTOTYPES = YES;
				CLANG_WARN_SUSPICIOUS_MOVE = YES;
				CLANG_WARN_UNGUARDED_AVAILABILITY = YES_AGGRESSIVE;
				CLANG_WARN_UNREACHABLE_CODE = YES;
				CLANG_WARN__DUPLICATE_METHOD_MATCH = YES;
				COPY_PHASE_STRIP = NO;
				DEBUG_INFORMATION_FORMAT = "dwarf-with-dsym";
				ENABLE_NS_ASSERTIONS = NO;
				ENABLE_STRICT_OBJC_MSGSEND = YES;
				GCC_C_LANGUAGE_STANDARD = gnu11;
				GCC_NO_COMMON_BLOCKS = YES;
				GCC_WARN_64_TO_32_BIT_CONVERSION = YES;
				GCC_WARN_ABOUT_RETURN_TYPE = YES_ERROR;
				GCC_WARN_UNDECLARED_SELECTOR = YES;
				GCC_WARN_UNINITIALIZED_AUTOS = YES_AGGRESSIVE;
				GCC_WARN_UNUSED_FUNCTION = YES;
				GCC_WARN_UNUSED_VARIABLE = YES;
				MACOSX_DEPLOYMENT_TARGET = 10.15;
				MTL_ENABLE_DEBUG_INFO = NO;
				MTL_FAST_MATH = YES;
				SDKROOT = macosx;
				SWIFT_COMPILATION_MODE = wholemodule;
				SWIFT_OPTIMIZATION_LEVEL = "-O";
			};
			name = Release;
		};
		35D670D5259DFCD600C96392 /* Debug */ = {
			isa = XCBuildConfiguration;
			buildSettings = {
				ASSETCATALOG_COMPILER_APPICON_NAME = AppIcon;
				ASSETCATALOG_COMPILER_GLOBAL_ACCENT_COLOR_NAME = AccentColor;
				CODE_SIGN_ENTITLEMENTS = VKCalendarView/VKCalendarView.entitlements;
				CODE_SIGN_STYLE = Automatic;
				COMBINE_HIDPI_IMAGES = YES;
				INFOPLIST_FILE = VKCalendarView/Info.plist;
				LD_RUNPATH_SEARCH_PATHS = (
					"$(inherited)",
					"@executable_path/../Frameworks",
				);
				PRODUCT_BUNDLE_IDENTIFIER = com.vk.VKCalendarView;
				PRODUCT_NAME = "$(TARGET_NAME)";
				SWIFT_VERSION = 5.0;
			};
			name = Debug;
		};
		35D670D6259DFCD600C96392 /* Release */ = {
			isa = XCBuildConfiguration;
			buildSettings = {
				ASSETCATALOG_COMPILER_APPICON_NAME = AppIcon;
				ASSETCATALOG_COMPILER_GLOBAL_ACCENT_COLOR_NAME = AccentColor;
				CODE_SIGN_ENTITLEMENTS = VKCalendarView/VKCalendarView.entitlements;
				CODE_SIGN_STYLE = Automatic;
				COMBINE_HIDPI_IMAGES = YES;
				INFOPLIST_FILE = VKCalendarView/Info.plist;
				LD_RUNPATH_SEARCH_PATHS = (
					"$(inherited)",
					"@executable_path/../Frameworks",
				);
				PRODUCT_BUNDLE_IDENTIFIER = com.vk.VKCalendarView;
				PRODUCT_NAME = "$(TARGET_NAME)";
				SWIFT_VERSION = 5.0;
			};
			name = Release;
		};
		35D670D8259DFCD600C96392 /* Debug */ = {
			isa = XCBuildConfiguration;
			buildSettings = {
				ALWAYS_EMBED_SWIFT_STANDARD_LIBRARIES = YES;
				BUNDLE_LOADER = "$(TEST_HOST)";
				CODE_SIGN_STYLE = Automatic;
				COMBINE_HIDPI_IMAGES = YES;
				INFOPLIST_FILE = VKCalendarViewTests/Info.plist;
				LD_RUNPATH_SEARCH_PATHS = (
					"$(inherited)",
					"@executable_path/../Frameworks",
					"@loader_path/../Frameworks",
				);
				MACOSX_DEPLOYMENT_TARGET = 10.15;
				PRODUCT_BUNDLE_IDENTIFIER = com.vk.VKCalendarViewTests;
				PRODUCT_NAME = "$(TARGET_NAME)";
				SWIFT_VERSION = 5.0;
				TEST_HOST = "$(BUILT_PRODUCTS_DIR)/VKCalendarView.app/Contents/MacOS/VKCalendarView";
			};
			name = Debug;
		};
		35D670D9259DFCD600C96392 /* Release */ = {
			isa = XCBuildConfiguration;
			buildSettings = {
				ALWAYS_EMBED_SWIFT_STANDARD_LIBRARIES = YES;
				BUNDLE_LOADER = "$(TEST_HOST)";
				CODE_SIGN_STYLE = Automatic;
				COMBINE_HIDPI_IMAGES = YES;
				INFOPLIST_FILE = VKCalendarViewTests/Info.plist;
				LD_RUNPATH_SEARCH_PATHS = (
					"$(inherited)",
					"@executable_path/../Frameworks",
					"@loader_path/../Frameworks",
				);
				MACOSX_DEPLOYMENT_TARGET = 10.15;
				PRODUCT_BUNDLE_IDENTIFIER = com.vk.VKCalendarViewTests;
				PRODUCT_NAME = "$(TARGET_NAME)";
				SWIFT_VERSION = 5.0;
				TEST_HOST = "$(BUILT_PRODUCTS_DIR)/VKCalendarView.app/Contents/MacOS/VKCalendarView";
			};
			name = Release;
		};
		35D670DB259DFCD600C96392 /* Debug */ = {
			isa = XCBuildConfiguration;
			buildSettings = {
				ALWAYS_EMBED_SWIFT_STANDARD_LIBRARIES = YES;
				CODE_SIGN_STYLE = Automatic;
				COMBINE_HIDPI_IMAGES = YES;
				INFOPLIST_FILE = VKCalendarViewUITests/Info.plist;
				LD_RUNPATH_SEARCH_PATHS = (
					"$(inherited)",
					"@executable_path/../Frameworks",
					"@loader_path/../Frameworks",
				);
				PRODUCT_BUNDLE_IDENTIFIER = com.vk.VKCalendarViewUITests;
				PRODUCT_NAME = "$(TARGET_NAME)";
				SWIFT_VERSION = 5.0;
				TEST_TARGET_NAME = VKCalendarView;
			};
			name = Debug;
		};
		35D670DC259DFCD600C96392 /* Release */ = {
			isa = XCBuildConfiguration;
			buildSettings = {
				ALWAYS_EMBED_SWIFT_STANDARD_LIBRARIES = YES;
				CODE_SIGN_STYLE = Automatic;
				COMBINE_HIDPI_IMAGES = YES;
				INFOPLIST_FILE = VKCalendarViewUITests/Info.plist;
				LD_RUNPATH_SEARCH_PATHS = (
					"$(inherited)",
					"@executable_path/../Frameworks",
					"@loader_path/../Frameworks",
				);
				PRODUCT_BUNDLE_IDENTIFIER = com.vk.VKCalendarViewUITests;
				PRODUCT_NAME = "$(TARGET_NAME)";
				SWIFT_VERSION = 5.0;
				TEST_TARGET_NAME = VKCalendarView;
			};
			name = Release;
		};
/* End XCBuildConfiguration section */

/* Begin XCConfigurationList section */
		35D670A6259DFCD200C96392 /* Build configuration list for PBXProject "VKCalendarView" */ = {
			isa = XCConfigurationList;
			buildConfigurations = (
				35D670D2259DFCD600C96392 /* Debug */,
				35D670D3259DFCD600C96392 /* Release */,
			);
			defaultConfigurationIsVisible = 0;
			defaultConfigurationName = Release;
		};
		35D670D4259DFCD600C96392 /* Build configuration list for PBXNativeTarget "VKCalendarView" */ = {
			isa = XCConfigurationList;
			buildConfigurations = (
				35D670D5259DFCD600C96392 /* Debug */,
				35D670D6259DFCD600C96392 /* Release */,
			);
			defaultConfigurationIsVisible = 0;
			defaultConfigurationName = Release;
		};
		35D670D7259DFCD600C96392 /* Build configuration list for PBXNativeTarget "VKCalendarViewTests" */ = {
			isa = XCConfigurationList;
			buildConfigurations = (
				35D670D8259DFCD600C96392 /* Debug */,
				35D670D9259DFCD600C96392 /* Release */,
			);
			defaultConfigurationIsVisible = 0;
			defaultConfigurationName = Release;
		};
		35D670DA259DFCD600C96392 /* Build configuration list for PBXNativeTarget "VKCalendarViewUITests" */ = {
			isa = XCConfigurationList;
			buildConfigurations = (
				35D670DB259DFCD600C96392 /* Debug */,
				35D670DC259DFCD600C96392 /* Release */,
			);
			defaultConfigurationIsVisible = 0;
			defaultConfigurationName = Release;
		};
/* End XCConfigurationList section */

/* Begin XCVersionGroup section */
		35D670B2259DFCD200C96392 /* VKCalendarView.xcdatamodeld */ = {
			isa = XCVersionGroup;
			children = (
				35D670B3259DFCD200C96392 /* VKCalendarView.xcdatamodel */,
			);
			currentVersion = 35D670B3259DFCD200C96392 /* VKCalendarView.xcdatamodel */;
			path = VKCalendarView.xcdatamodeld;
			sourceTree = "<group>";
			versionGroupType = wrapper.xcdatamodel;
		};
/* End XCVersionGroup section */
	};
	rootObject = 35D670A3259DFCD200C96392 /* Project object */;
}
